
Microsoft Visual Studio Solution File, Format Version 12.00
# Visual Studio 15
VisualStudioVersion = 15.0.27004.2010
MinimumVisualStudioVersion = 10.0.40219.1
Project("{8BC9CEB8-8B4A-11D0-8D11-00A0C91BC942}") = "Scarle2019", "Scarle2019\Scarle2019.vcxproj", "{BEB5860E-FEF9-4F22-BAEB-F76C22CF75D6}"
EndProject
Project("{2150E333-8FDC-42A3-9474-1A3956D46DE8}") = "Asset Pipeline", "Asset Pipeline", "{B5C69F2E-1701-4A02-8E41-21F5486EDAD2}"
EndProject
Project("{2150E333-8FDC-42A3-9474-1A3956D46DE8}") = "Tools", "Tools", "{55C950B6-1674-4162-A852-B14DE9A0E102}"
	ProjectSection(SolutionItems) = preProject
		READ_ME.txt = READ_ME.txt
	EndProjectSection
EndProject
Project("{FAE04EC0-301F-11D3-BF4B-00C04F79EFBC}") = "MakeSpriteFont", "MakeSpriteFont\MakeSpriteFont.csproj", "{7329B02D-C504-482A-A156-181D48CE493C}"
EndProject
Project("{8BC9CEB8-8B4A-11D0-8D11-00A0C91BC942}") = "Sounds", "Sounds\Sounds.vcxproj", "{3AEDB479-2F9F-43BE-8383-D6F0F13A337A}"
EndProject
Project("{FAE04EC0-301F-11D3-BF4B-00C04F79EFBC}") = "EditorTool", "EditorTool\EditorTool.csproj", "{DBBA8CF1-FD88-4E14-8BD2-97331F29416A}"
EndProject
Global
	GlobalSection(SolutionConfigurationPlatforms) = preSolution
		Debug|Any CPU = Debug|Any CPU
		Debug|x64 = Debug|x64
		Debug|x86 = Debug|x86
		Release|Any CPU = Release|Any CPU
		Release|x64 = Release|x64
		Release|x86 = Release|x86
	EndGlobalSection
	GlobalSection(ProjectConfigurationPlatforms) = postSolution
		{BEB5860E-FEF9-4F22-BAEB-F76C22CF75D6}.Debug|Any CPU.ActiveCfg = Debug|Win32
		{BEB5860E-FEF9-4F22-BAEB-F76C22CF75D6}.Debug|x64.ActiveCfg = Debug|x64
		{BEB5860E-FEF9-4F22-BAEB-F76C22CF75D6}.Debug|x64.Build.0 = Debug|x64
		{BEB5860E-FEF9-4F22-BAEB-F76C22CF75D6}.Debug|x86.ActiveCfg = Debug|Win32
		{BEB5860E-FEF9-4F22-BAEB-F76C22CF75D6}.Debug|x86.Build.0 = Debug|Win32
		{BEB5860E-FEF9-4F22-BAEB-F76C22CF75D6}.Release|Any CPU.ActiveCfg = Release|Win32
		{BEB5860E-FEF9-4F22-BAEB-F76C22CF75D6}.Release|x64.ActiveCfg = Release|x64
		{BEB5860E-FEF9-4F22-BAEB-F76C22CF75D6}.Release|x64.Build.0 = Release|x64
		{BEB5860E-FEF9-4F22-BAEB-F76C22CF75D6}.Release|x86.ActiveCfg = Release|Win32
		{BEB5860E-FEF9-4F22-BAEB-F76C22CF75D6}.Release|x86.Build.0 = Release|Win32
		{7329B02D-C504-482A-A156-181D48CE493C}.Debug|Any CPU.ActiveCfg = Debug|Any CPU
		{7329B02D-C504-482A-A156-181D48CE493C}.Debug|Any CPU.Build.0 = Debug|Any CPU
		{7329B02D-C504-482A-A156-181D48CE493C}.Debug|x64.ActiveCfg = Debug|Any CPU
		{7329B02D-C504-482A-A156-181D48CE493C}.Debug|x64.Build.0 = Debug|Any CPU
		{7329B02D-C504-482A-A156-181D48CE493C}.Debug|x86.ActiveCfg = Debug|Any CPU
		{7329B02D-C504-482A-A156-181D48CE493C}.Debug|x86.Build.0 = Debug|Any CPU
		{7329B02D-C504-482A-A156-181D48CE493C}.Release|Any CPU.ActiveCfg = Release|Any CPU
		{7329B02D-C504-482A-A156-181D48CE493C}.Release|Any CPU.Build.0 = Release|Any CPU
		{7329B02D-C504-482A-A156-181D48CE493C}.Release|x64.ActiveCfg = Release|Any CPU
		{7329B02D-C504-482A-A156-181D48CE493C}.Release|x64.Build.0 = Release|Any CPU
		{7329B02D-C504-482A-A156-181D48CE493C}.Release|x86.ActiveCfg = Release|Any CPU
		{7329B02D-C504-482A-A156-181D48CE493C}.Release|x86.Build.0 = Release|Any CPU
		{3AEDB479-2F9F-43BE-8383-D6F0F13A337A}.Debug|Any CPU.ActiveCfg = Debug|Win32
		{3AEDB479-2F9F-43BE-8383-D6F0F13A337A}.Debug|x64.ActiveCfg = Debug|x64
		{3AEDB479-2F9F-43BE-8383-D6F0F13A337A}.Debug|x64.Build.0 = Debug|x64
		{3AEDB479-2F9F-43BE-8383-D6F0F13A337A}.Debug|x86.ActiveCfg = Debug|Win32
		{3AEDB479-2F9F-43BE-8383-D6F0F13A337A}.Debug|x86.Build.0 = Debug|Win32
		{3AEDB479-2F9F-43BE-8383-D6F0F13A337A}.Release|Any CPU.ActiveCfg = Release|Win32
		{3AEDB479-2F9F-43BE-8383-D6F0F13A337A}.Release|x64.ActiveCfg = Release|x64
		{3AEDB479-2F9F-43BE-8383-D6F0F13A337A}.Release|x64.Build.0 = Release|x64
		{3AEDB479-2F9F-43BE-8383-D6F0F13A337A}.Release|x86.ActiveCfg = Release|Win32
		{3AEDB479-2F9F-43BE-8383-D6F0F13A337A}.Release|x86.Build.0 = Release|Win32
		{DBBA8CF1-FD88-4E14-8BD2-97331F29416A}.Debug|Any CPU.ActiveCfg = Debug|Any CPU
		{DBBA8CF1-FD88-4E14-8BD2-97331F29416A}.Debug|Any CPU.Build.0 = Debug|Any CPU
		{DBBA8CF1-FD88-4E14-8BD2-97331F29416A}.Debug|x64.ActiveCfg = Debug|Any CPU
		{DBBA8CF1-FD88-4E14-8BD2-97331F29416A}.Debug|x64.Build.0 = Debug|Any CPU
		{DBBA8CF1-FD88-4E14-8BD2-97331F29416A}.Debug|x86.ActiveCfg = Debug|Any CPU
		{DBBA8CF1-FD88-4E14-8BD2-97331F29416A}.Debug|x86.Build.0 = Debug|Any CPU
		{DBBA8CF1-FD88-4E14-8BD2-97331F29416A}.Release|Any CPU.ActiveCfg = Release|Any CPU
		{DBBA8CF1-FD88-4E14-8BD2-97331F29416A}.Release|Any CPU.Build.0 = Release|Any CPU
		{DBBA8CF1-FD88-4E14-8BD2-97331F29416A}.Release|x64.ActiveCfg = Release|Any CPU
		{DBBA8CF1-FD88-4E14-8BD2-97331F29416A}.Release|x64.Build.0 = Release|Any CPU
		{DBBA8CF1-FD88-4E14-8BD2-97331F29416A}.Release|x86.ActiveCfg = Release|Any CPU
		{DBBA8CF1-FD88-4E14-8BD2-97331F29416A}.Release|x86.Build.0 = Release|Any CPU
	EndGlobalSection
	GlobalSection(SolutionProperties) = preSolution
		HideSolutionNode = FALSE
	EndGlobalSection
	GlobalSection(NestedProjects) = preSolution
		{7329B02D-C504-482A-A156-181D48CE493C} = {55C950B6-1674-4162-A852-B14DE9A0E102}
		{3AEDB479-2F9F-43BE-8383-D6F0F13A337A} = {B5C69F2E-1701-4A02-8E41-21F5486EDAD2}
		{DBBA8CF1-FD88-4E14-8BD2-97331F29416A} = {55C950B6-1674-4162-A852-B14DE9A0E102}
	EndGlobalSection
	GlobalSection(ExtensibilityGlobals) = postSolution
		SolutionGuid = {8A755B5E-085C-48A9-B797-81C1A1A853D7}
	EndGlobalSection
EndGlobal
