
Microsoft Visual Studio Solution File, Format Version 12.00
# Visual Studio 15
VisualStudioVersion = 15.0.27703.2035
MinimumVisualStudioVersion = 10.0.40219.1
Project("{FAE04EC0-301F-11D3-BF4B-00C04F79EFBC}") = "TestTest3", "TestTest3\TestTest3.csproj", "{B6AFFFC9-187D-4E5B-874C-B600A6CF214B}"
EndProject
Global
	GlobalSection(SolutionConfigurationPlatforms) = preSolution
		Debug|Any CPU = Debug|Any CPU
		Release|Any CPU = Release|Any CPU
	EndGlobalSection
	GlobalSection(ProjectConfigurationPlatforms) = postSolution
		{B6AFFFC9-187D-4E5B-874C-B600A6CF214B}.Debug|Any CPU.ActiveCfg = Debug|Any CPU
		{B6AFFFC9-187D-4E5B-874C-B600A6CF214B}.Debug|Any CPU.Build.0 = Debug|Any CPU
		{B6AFFFC9-187D-4E5B-874C-B600A6CF214B}.Release|Any CPU.ActiveCfg = Release|Any CPU
		{B6AFFFC9-187D-4E5B-874C-B600A6CF214B}.Release|Any CPU.Build.0 = Release|Any CPU
	EndGlobalSection
	GlobalSection(SolutionProperties) = preSolution
		HideSolutionNode = FALSE
	EndGlobalSection
	GlobalSection(ExtensibilityGlobals) = postSolution
		SolutionGuid = {94DE95A8-08CC-4E77-BFC8-2D7EA3334B45}
	EndGlobalSection
EndGlobal
