
Microsoft Visual Studio Solution File, Format Version 12.00
# Visual Studio 15
VisualStudioVersion = 15.0.28307.421
MinimumVisualStudioVersion = 10.0.40219.1
Project("{8BC9CEB8-8B4A-11D0-8D11-00A0C91BC942}") = "ThICC_Engine", "ThICC_Engine.vcxproj", "{8D6AA92B-B106-4A67-9B1E-B93443577920}"
EndProject
Project("{8BC9CEB8-8B4A-11D0-8D11-00A0C91BC942}") = "DirectXTK12", "DirectXTK12\DirectXTK_Desktop_2017_Win10.vcxproj", "{3E0E8608-CD9B-4C76-AF33-29CA38F2C9F0}"
EndProject
Project("{2150E333-8FDC-42A3-9474-1A3956D46DE8}") = "Engine", "Engine", "{CE2410A9-F962-4FA5-900A-A8943FAD4EDC}"
EndProject
Project("{2150E333-8FDC-42A3-9474-1A3956D46DE8}") = "Tools", "Tools", "{92F2D81C-BD2F-43C8-8B10-344C6182C6A9}"
EndProject
Project("{FAE04EC0-301F-11D3-BF4B-00C04F79EFBC}") = "EditorTool", "..\EditorTool\EditorTool.csproj", "{DBBA8CF1-FD88-4E14-8BD2-97331F29416A}"
EndProject
Project("{FAE04EC0-301F-11D3-BF4B-00C04F79EFBC}") = "Launcher", "..\Launcher\Launcher.csproj", "{0D6B4382-6BD9-43C2-A3E0-BB25A9C897F1}"
EndProject
Project("{FAE04EC0-301F-11D3-BF4B-00C04F79EFBC}") = "MakeSpriteFont", "..\TOOLS\MakeSpriteFont\MakeSpriteFont.csproj", "{7329B02D-C504-482A-A156-181D48CE493C}"
EndProject
Global
	GlobalSection(SolutionConfigurationPlatforms) = preSolution
		Debug|Any CPU = Debug|Any CPU
		Debug|x64 = Debug|x64
		Debug|x86 = Debug|x86
		Release|Any CPU = Release|Any CPU
		Release|x64 = Release|x64
		Release|x86 = Release|x86
	EndGlobalSection
	GlobalSection(ProjectConfigurationPlatforms) = postSolution
		{8D6AA92B-B106-4A67-9B1E-B93443577920}.Debug|Any CPU.ActiveCfg = Debug|Win32
		{8D6AA92B-B106-4A67-9B1E-B93443577920}.Debug|x64.ActiveCfg = Debug|x64
		{8D6AA92B-B106-4A67-9B1E-B93443577920}.Debug|x64.Build.0 = Debug|x64
		{8D6AA92B-B106-4A67-9B1E-B93443577920}.Debug|x86.ActiveCfg = Debug|Win32
		{8D6AA92B-B106-4A67-9B1E-B93443577920}.Debug|x86.Build.0 = Debug|Win32
		{8D6AA92B-B106-4A67-9B1E-B93443577920}.Release|Any CPU.ActiveCfg = Release|Win32
		{8D6AA92B-B106-4A67-9B1E-B93443577920}.Release|x64.ActiveCfg = Release|x64
		{8D6AA92B-B106-4A67-9B1E-B93443577920}.Release|x64.Build.0 = Release|x64
		{8D6AA92B-B106-4A67-9B1E-B93443577920}.Release|x86.ActiveCfg = Release|Win32
		{8D6AA92B-B106-4A67-9B1E-B93443577920}.Release|x86.Build.0 = Release|Win32
		{3E0E8608-CD9B-4C76-AF33-29CA38F2C9F0}.Debug|Any CPU.ActiveCfg = Debug|Win32
		{3E0E8608-CD9B-4C76-AF33-29CA38F2C9F0}.Debug|x64.ActiveCfg = Debug|x64
		{3E0E8608-CD9B-4C76-AF33-29CA38F2C9F0}.Debug|x64.Build.0 = Debug|x64
		{3E0E8608-CD9B-4C76-AF33-29CA38F2C9F0}.Debug|x86.ActiveCfg = Debug|Win32
		{3E0E8608-CD9B-4C76-AF33-29CA38F2C9F0}.Debug|x86.Build.0 = Debug|Win32
		{3E0E8608-CD9B-4C76-AF33-29CA38F2C9F0}.Release|Any CPU.ActiveCfg = Release|Win32
		{3E0E8608-CD9B-4C76-AF33-29CA38F2C9F0}.Release|x64.ActiveCfg = Release|x64
		{3E0E8608-CD9B-4C76-AF33-29CA38F2C9F0}.Release|x64.Build.0 = Release|x64
		{3E0E8608-CD9B-4C76-AF33-29CA38F2C9F0}.Release|x86.ActiveCfg = Release|Win32
		{3E0E8608-CD9B-4C76-AF33-29CA38F2C9F0}.Release|x86.Build.0 = Release|Win32
		{DBBA8CF1-FD88-4E14-8BD2-97331F29416A}.Debug|Any CPU.ActiveCfg = Debug|Any CPU
		{DBBA8CF1-FD88-4E14-8BD2-97331F29416A}.Debug|Any CPU.Build.0 = Debug|Any CPU
		{DBBA8CF1-FD88-4E14-8BD2-97331F29416A}.Debug|x64.ActiveCfg = Debug|Any CPU
		{DBBA8CF1-FD88-4E14-8BD2-97331F29416A}.Debug|x64.Build.0 = Debug|Any CPU
		{DBBA8CF1-FD88-4E14-8BD2-97331F29416A}.Debug|x86.ActiveCfg = Debug|Any CPU
		{DBBA8CF1-FD88-4E14-8BD2-97331F29416A}.Debug|x86.Build.0 = Debug|Any CPU
		{DBBA8CF1-FD88-4E14-8BD2-97331F29416A}.Release|Any CPU.ActiveCfg = Release|Any CPU
		{DBBA8CF1-FD88-4E14-8BD2-97331F29416A}.Release|Any CPU.Build.0 = Release|Any CPU
		{DBBA8CF1-FD88-4E14-8BD2-97331F29416A}.Release|x64.ActiveCfg = Release|Any CPU
		{DBBA8CF1-FD88-4E14-8BD2-97331F29416A}.Release|x64.Build.0 = Release|Any CPU
		{DBBA8CF1-FD88-4E14-8BD2-97331F29416A}.Release|x86.ActiveCfg = Release|Any CPU
		{DBBA8CF1-FD88-4E14-8BD2-97331F29416A}.Release|x86.Build.0 = Release|Any CPU
		{0D6B4382-6BD9-43C2-A3E0-BB25A9C897F1}.Debug|Any CPU.ActiveCfg = Debug|Any CPU
		{0D6B4382-6BD9-43C2-A3E0-BB25A9C897F1}.Debug|Any CPU.Build.0 = Debug|Any CPU
		{0D6B4382-6BD9-43C2-A3E0-BB25A9C897F1}.Debug|x64.ActiveCfg = Debug|Any CPU
		{0D6B4382-6BD9-43C2-A3E0-BB25A9C897F1}.Debug|x64.Build.0 = Debug|Any CPU
		{0D6B4382-6BD9-43C2-A3E0-BB25A9C897F1}.Debug|x86.ActiveCfg = Debug|Any CPU
		{0D6B4382-6BD9-43C2-A3E0-BB25A9C897F1}.Debug|x86.Build.0 = Debug|Any CPU
		{0D6B4382-6BD9-43C2-A3E0-BB25A9C897F1}.Release|Any CPU.ActiveCfg = Release|Any CPU
		{0D6B4382-6BD9-43C2-A3E0-BB25A9C897F1}.Release|Any CPU.Build.0 = Release|Any CPU
		{0D6B4382-6BD9-43C2-A3E0-BB25A9C897F1}.Release|x64.ActiveCfg = Release|Any CPU
		{0D6B4382-6BD9-43C2-A3E0-BB25A9C897F1}.Release|x64.Build.0 = Release|Any CPU
		{0D6B4382-6BD9-43C2-A3E0-BB25A9C897F1}.Release|x86.ActiveCfg = Release|Any CPU
		{0D6B4382-6BD9-43C2-A3E0-BB25A9C897F1}.Release|x86.Build.0 = Release|Any CPU
		{7329B02D-C504-482A-A156-181D48CE493C}.Debug|Any CPU.ActiveCfg = Debug|Any CPU
		{7329B02D-C504-482A-A156-181D48CE493C}.Debug|Any CPU.Build.0 = Debug|Any CPU
		{7329B02D-C504-482A-A156-181D48CE493C}.Debug|x64.ActiveCfg = Debug|Any CPU
		{7329B02D-C504-482A-A156-181D48CE493C}.Debug|x64.Build.0 = Debug|Any CPU
		{7329B02D-C504-482A-A156-181D48CE493C}.Debug|x86.ActiveCfg = Debug|Any CPU
		{7329B02D-C504-482A-A156-181D48CE493C}.Debug|x86.Build.0 = Debug|Any CPU
		{7329B02D-C504-482A-A156-181D48CE493C}.Release|Any CPU.ActiveCfg = Release|Any CPU
		{7329B02D-C504-482A-A156-181D48CE493C}.Release|Any CPU.Build.0 = Release|Any CPU
		{7329B02D-C504-482A-A156-181D48CE493C}.Release|x64.ActiveCfg = Release|Any CPU
		{7329B02D-C504-482A-A156-181D48CE493C}.Release|x64.Build.0 = Release|Any CPU
		{7329B02D-C504-482A-A156-181D48CE493C}.Release|x86.ActiveCfg = Release|Any CPU
		{7329B02D-C504-482A-A156-181D48CE493C}.Release|x86.Build.0 = Release|Any CPU
	EndGlobalSection
	GlobalSection(SolutionProperties) = preSolution
		HideSolutionNode = FALSE
	EndGlobalSection
	GlobalSection(NestedProjects) = preSolution
		{8D6AA92B-B106-4A67-9B1E-B93443577920} = {CE2410A9-F962-4FA5-900A-A8943FAD4EDC}
		{3E0E8608-CD9B-4C76-AF33-29CA38F2C9F0} = {CE2410A9-F962-4FA5-900A-A8943FAD4EDC}
		{DBBA8CF1-FD88-4E14-8BD2-97331F29416A} = {92F2D81C-BD2F-43C8-8B10-344C6182C6A9}
		{0D6B4382-6BD9-43C2-A3E0-BB25A9C897F1} = {92F2D81C-BD2F-43C8-8B10-344C6182C6A9}
		{7329B02D-C504-482A-A156-181D48CE493C} = {92F2D81C-BD2F-43C8-8B10-344C6182C6A9}
	EndGlobalSection
	GlobalSection(ExtensibilityGlobals) = postSolution
		SolutionGuid = {20E67921-5C05-49B3-94F6-7BFE58B35BA5}
	EndGlobalSection
EndGlobal
